
Microsoft Visual Studio Solution File, Format Version 12.00
# Visual Studio Version 16
VisualStudioVersion = 16.0.31402.337
MinimumVisualStudioVersion = 10.0.40219.1
Project("{9A19103F-16F7-4668-BE54-9A1E7A4F7556}") = "testmvc", "testmvc.csproj", "{A35B0515-566B-4719-80B1-7FB2ADF04E3B}"
EndProject
Global
	GlobalSection(SolutionConfigurationPlatforms) = preSolution
		Debug|Any CPU = Debug|Any CPU
		Release|Any CPU = Release|Any CPU
	EndGlobalSection
	GlobalSection(ProjectConfigurationPlatforms) = postSolution
		{A35B0515-566B-4719-80B1-7FB2ADF04E3B}.Debug|Any CPU.ActiveCfg = Debug|Any CPU
		{A35B0515-566B-4719-80B1-7FB2ADF04E3B}.Debug|Any CPU.Build.0 = Debug|Any CPU
		{A35B0515-566B-4719-80B1-7FB2ADF04E3B}.Release|Any CPU.ActiveCfg = Release|Any CPU
		{A35B0515-566B-4719-80B1-7FB2ADF04E3B}.Release|Any CPU.Build.0 = Release|Any CPU
	EndGlobalSection
	GlobalSection(SolutionProperties) = preSolution
		HideSolutionNode = FALSE
	EndGlobalSection
	GlobalSection(ExtensibilityGlobals) = postSolution
		SolutionGuid = {34458F73-F270-4587-AFD6-FE34796571E1}
	EndGlobalSection
EndGlobal
